
Microsoft Visual Studio Solution File, Format Version 12.00
# Visual Studio Version 17
VisualStudioVersion = 17.11.35222.181
MinimumVisualStudioVersion = 10.0.40219.1
Project("{2150E333-8FDC-42A3-9474-1A3956D46DE8}") = "src", "src", "{A0000000-0000-0000-0000-00000000005C}"
EndProject
Project("{2150E333-8FDC-42A3-9474-1A3956D46DE8}") = "tests", "tests", "{A0000000-0000-0000-0000-000000000054}"
EndProject
Project("{2150E333-8FDC-42A3-9474-1A3956D46DE8}") = "solution items", "solution items", "{A0000000-0000-0000-0000-000000000049}"
	ProjectSection(SolutionItems) = preProject
		.editorconfig = .editorconfig
		.env.example = .env.example
		ARCHITECTURE.md = ARCHITECTURE.md
		BUILD_BRIEF.md = BUILD_BRIEF.md
		Directory.Build.props = Directory.Build.props
		Directory.Packages.props = Directory.Packages.props
		Dockerfile = Dockerfile
		README.md = README.md
		docker-compose.yml = docker-compose.yml
		docs\open-questions.md = docs\open-questions.md
		global.json = global.json
	EndProjectSection
EndProject
Project("{9A19103F-16F7-4668-BE54-9A1E7A4F7556}") = "Akiba.Domain", "src\Akiba.Domain\Akiba.Domain.csproj", "{B0000000-0000-0000-0000-000000000001}"
EndProject
Project("{9A19103F-16F7-4668-BE54-9A1E7A4F7556}") = "Akiba.Application", "src\Akiba.Application\Akiba.Application.csproj", "{B0000000-0000-0000-0000-000000000002}"
EndProject
Project("{9A19103F-16F7-4668-BE54-9A1E7A4F7556}") = "Akiba.Infrastructure", "src\Akiba.Infrastructure\Akiba.Infrastructure.csproj", "{B0000000-0000-0000-0000-000000000003}"
EndProject
Project("{9A19103F-16F7-4668-BE54-9A1E7A4F7556}") = "Akiba.Web", "src\Akiba.Web\Akiba.Web.csproj", "{B0000000-0000-0000-0000-000000000004}"
EndProject
Project("{9A19103F-16F7-4668-BE54-9A1E7A4F7556}") = "Akiba.Domain.Tests", "tests\Akiba.Domain.Tests\Akiba.Domain.Tests.csproj", "{C0000000-0000-0000-0000-000000000001}"
EndProject
Project("{9A19103F-16F7-4668-BE54-9A1E7A4F7556}") = "Akiba.Application.Tests", "tests\Akiba.Application.Tests\Akiba.Application.Tests.csproj", "{C0000000-0000-0000-0000-000000000002}"
EndProject
Project("{9A19103F-16F7-4668-BE54-9A1E7A4F7556}") = "Akiba.Infrastructure.Tests", "tests\Akiba.Infrastructure.Tests\Akiba.Infrastructure.Tests.csproj", "{C0000000-0000-0000-0000-000000000003}"
EndProject
Project("{9A19103F-16F7-4668-BE54-9A1E7A4F7556}") = "Akiba.ArchitectureTests", "tests\Akiba.ArchitectureTests\Akiba.ArchitectureTests.csproj", "{C0000000-0000-0000-0000-000000000004}"
EndProject
Project("{FAE04EC0-301F-11D3-BF4B-00C04F79EFBC}") = "Akiba.Web.Tests", "tests\Akiba.Web.Tests\Akiba.Web.Tests.csproj", "{83A74BD0-1783-48FB-A078-CD170B7A9AD5}"
EndProject
Global
	GlobalSection(SolutionConfigurationPlatforms) = preSolution
		Debug|Any CPU = Debug|Any CPU
		Debug|x64 = Debug|x64
		Debug|x86 = Debug|x86
		Release|Any CPU = Release|Any CPU
		Release|x64 = Release|x64
		Release|x86 = Release|x86
	EndGlobalSection
	GlobalSection(ProjectConfigurationPlatforms) = postSolution
		{B0000000-0000-0000-0000-000000000001}.Debug|Any CPU.ActiveCfg = Debug|Any CPU
		{B0000000-0000-0000-0000-000000000001}.Debug|Any CPU.Build.0 = Debug|Any CPU
		{B0000000-0000-0000-0000-000000000001}.Debug|x64.ActiveCfg = Debug|Any CPU
		{B0000000-0000-0000-0000-000000000001}.Debug|x64.Build.0 = Debug|Any CPU
		{B0000000-0000-0000-0000-000000000001}.Debug|x86.ActiveCfg = Debug|Any CPU
		{B0000000-0000-0000-0000-000000000001}.Debug|x86.Build.0 = Debug|Any CPU
		{B0000000-0000-0000-0000-000000000001}.Release|Any CPU.ActiveCfg = Release|Any CPU
		{B0000000-0000-0000-0000-000000000001}.Release|Any CPU.Build.0 = Release|Any CPU
		{B0000000-0000-0000-0000-000000000001}.Release|x64.ActiveCfg = Release|Any CPU
		{B0000000-0000-0000-0000-000000000001}.Release|x64.Build.0 = Release|Any CPU
		{B0000000-0000-0000-0000-000000000001}.Release|x86.ActiveCfg = Release|Any CPU
		{B0000000-0000-0000-0000-000000000001}.Release|x86.Build.0 = Release|Any CPU
		{B0000000-0000-0000-0000-000000000002}.Debug|Any CPU.ActiveCfg = Debug|Any CPU
		{B0000000-0000-0000-0000-000000000002}.Debug|Any CPU.Build.0 = Debug|Any CPU
		{B0000000-0000-0000-0000-000000000002}.Debug|x64.ActiveCfg = Debug|Any CPU
		{B0000000-0000-0000-0000-000000000002}.Debug|x64.Build.0 = Debug|Any CPU
		{B0000000-0000-0000-0000-000000000002}.Debug|x86.ActiveCfg = Debug|Any CPU
		{B0000000-0000-0000-0000-000000000002}.Debug|x86.Build.0 = Debug|Any CPU
		{B0000000-0000-0000-0000-000000000002}.Release|Any CPU.ActiveCfg = Release|Any CPU
		{B0000000-0000-0000-0000-000000000002}.Release|Any CPU.Build.0 = Release|Any CPU
		{B0000000-0000-0000-0000-000000000002}.Release|x64.ActiveCfg = Release|Any CPU
		{B0000000-0000-0000-0000-000000000002}.Release|x64.Build.0 = Release|Any CPU
		{B0000000-0000-0000-0000-000000000002}.Release|x86.ActiveCfg = Release|Any CPU
		{B0000000-0000-0000-0000-000000000002}.Release|x86.Build.0 = Release|Any CPU
		{B0000000-0000-0000-0000-000000000003}.Debug|Any CPU.ActiveCfg = Debug|Any CPU
		{B0000000-0000-0000-0000-000000000003}.Debug|Any CPU.Build.0 = Debug|Any CPU
		{B0000000-0000-0000-0000-000000000003}.Debug|x64.ActiveCfg = Debug|Any CPU
		{B0000000-0000-0000-0000-000000000003}.Debug|x64.Build.0 = Debug|Any CPU
		{B0000000-0000-0000-0000-000000000003}.Debug|x86.ActiveCfg = Debug|Any CPU
		{B0000000-0000-0000-0000-000000000003}.Debug|x86.Build.0 = Debug|Any CPU
		{B0000000-0000-0000-0000-000000000003}.Release|Any CPU.ActiveCfg = Release|Any CPU
		{B0000000-0000-0000-0000-000000000003}.Release|Any CPU.Build.0 = Release|Any CPU
		{B0000000-0000-0000-0000-000000000003}.Release|x64.ActiveCfg = Release|Any CPU
		{B0000000-0000-0000-0000-000000000003}.Release|x64.Build.0 = Release|Any CPU
		{B0000000-0000-0000-0000-000000000003}.Release|x86.ActiveCfg = Release|Any CPU
		{B0000000-0000-0000-0000-000000000003}.Release|x86.Build.0 = Release|Any CPU
		{B0000000-0000-0000-0000-000000000004}.Debug|Any CPU.ActiveCfg = Debug|Any CPU
		{B0000000-0000-0000-0000-000000000004}.Debug|Any CPU.Build.0 = Debug|Any CPU
		{B0000000-0000-0000-0000-000000000004}.Debug|x64.ActiveCfg = Debug|Any CPU
		{B0000000-0000-0000-0000-000000000004}.Debug|x64.Build.0 = Debug|Any CPU
		{B0000000-0000-0000-0000-000000000004}.Debug|x86.ActiveCfg = Debug|Any CPU
		{B0000000-0000-0000-0000-000000000004}.Debug|x86.Build.0 = Debug|Any CPU
		{B0000000-0000-0000-0000-000000000004}.Release|Any CPU.ActiveCfg = Release|Any CPU
		{B0000000-0000-0000-0000-000000000004}.Release|Any CPU.Build.0 = Release|Any CPU
		{B0000000-0000-0000-0000-000000000004}.Release|x64.ActiveCfg = Release|Any CPU
		{B0000000-0000-0000-0000-000000000004}.Release|x64.Build.0 = Release|Any CPU
		{B0000000-0000-0000-0000-000000000004}.Release|x86.ActiveCfg = Release|Any CPU
		{B0000000-0000-0000-0000-000000000004}.Release|x86.Build.0 = Release|Any CPU
		{C0000000-0000-0000-0000-000000000001}.Debug|Any CPU.ActiveCfg = Debug|Any CPU
		{C0000000-0000-0000-0000-000000000001}.Debug|Any CPU.Build.0 = Debug|Any CPU
		{C0000000-0000-0000-0000-000000000001}.Debug|x64.ActiveCfg = Debug|Any CPU
		{C0000000-0000-0000-0000-000000000001}.Debug|x64.Build.0 = Debug|Any CPU
		{C0000000-0000-0000-0000-000000000001}.Debug|x86.ActiveCfg = Debug|Any CPU
		{C0000000-0000-0000-0000-000000000001}.Debug|x86.Build.0 = Debug|Any CPU
		{C0000000-0000-0000-0000-000000000001}.Release|Any CPU.ActiveCfg = Release|Any CPU
		{C0000000-0000-0000-0000-000000000001}.Release|Any CPU.Build.0 = Release|Any CPU
		{C0000000-0000-0000-0000-000000000001}.Release|x64.ActiveCfg = Release|Any CPU
		{C0000000-0000-0000-0000-000000000001}.Release|x64.Build.0 = Release|Any CPU
		{C0000000-0000-0000-0000-000000000001}.Release|x86.ActiveCfg = Release|Any CPU
		{C0000000-0000-0000-0000-000000000001}.Release|x86.Build.0 = Release|Any CPU
		{C0000000-0000-0000-0000-000000000002}.Debug|Any CPU.ActiveCfg = Debug|Any CPU
		{C0000000-0000-0000-0000-000000000002}.Debug|Any CPU.Build.0 = Debug|Any CPU
		{C0000000-0000-0000-0000-000000000002}.Debug|x64.ActiveCfg = Debug|Any CPU
		{C0000000-0000-0000-0000-000000000002}.Debug|x64.Build.0 = Debug|Any CPU
		{C0000000-0000-0000-0000-000000000002}.Debug|x86.ActiveCfg = Debug|Any CPU
		{C0000000-0000-0000-0000-000000000002}.Debug|x86.Build.0 = Debug|Any CPU
		{C0000000-0000-0000-0000-000000000002}.Release|Any CPU.ActiveCfg = Release|Any CPU
		{C0000000-0000-0000-0000-000000000002}.Release|Any CPU.Build.0 = Release|Any CPU
		{C0000000-0000-0000-0000-000000000002}.Release|x64.ActiveCfg = Release|Any CPU
		{C0000000-0000-0000-0000-000000000002}.Release|x64.Build.0 = Release|Any CPU
		{C0000000-0000-0000-0000-000000000002}.Release|x86.ActiveCfg = Release|Any CPU
		{C0000000-0000-0000-0000-000000000002}.Release|x86.Build.0 = Release|Any CPU
		{C0000000-0000-0000-0000-000000000003}.Debug|Any CPU.ActiveCfg = Debug|Any CPU
		{C0000000-0000-0000-0000-000000000003}.Debug|Any CPU.Build.0 = Debug|Any CPU
		{C0000000-0000-0000-0000-000000000003}.Debug|x64.ActiveCfg = Debug|Any CPU
		{C0000000-0000-0000-0000-000000000003}.Debug|x64.Build.0 = Debug|Any CPU
		{C0000000-0000-0000-0000-000000000003}.Debug|x86.ActiveCfg = Debug|Any CPU
		{C0000000-0000-0000-0000-000000000003}.Debug|x86.Build.0 = Debug|Any CPU
		{C0000000-0000-0000-0000-000000000003}.Release|Any CPU.ActiveCfg = Release|Any CPU
		{C0000000-0000-0000-0000-000000000003}.Release|Any CPU.Build.0 = Release|Any CPU
		{C0000000-0000-0000-0000-000000000003}.Release|x64.ActiveCfg = Release|Any CPU
		{C0000000-0000-0000-0000-000000000003}.Release|x64.Build.0 = Release|Any CPU
		{C0000000-0000-0000-0000-000000000003}.Release|x86.ActiveCfg = Release|Any CPU
		{C0000000-0000-0000-0000-000000000003}.Release|x86.Build.0 = Release|Any CPU
		{C0000000-0000-0000-0000-000000000004}.Debug|Any CPU.ActiveCfg = Debug|Any CPU
		{C0000000-0000-0000-0000-000000000004}.Debug|Any CPU.Build.0 = Debug|Any CPU
		{C0000000-0000-0000-0000-000000000004}.Debug|x64.ActiveCfg = Debug|Any CPU
		{C0000000-0000-0000-0000-000000000004}.Debug|x64.Build.0 = Debug|Any CPU
		{C0000000-0000-0000-0000-000000000004}.Debug|x86.ActiveCfg = Debug|Any CPU
		{C0000000-0000-0000-0000-000000000004}.Debug|x86.Build.0 = Debug|Any CPU
		{C0000000-0000-0000-0000-000000000004}.Release|Any CPU.ActiveCfg = Release|Any CPU
		{C0000000-0000-0000-0000-000000000004}.Release|Any CPU.Build.0 = Release|Any CPU
		{C0000000-0000-0000-0000-000000000004}.Release|x64.ActiveCfg = Release|Any CPU
		{C0000000-0000-0000-0000-000000000004}.Release|x64.Build.0 = Release|Any CPU
		{C0000000-0000-0000-0000-000000000004}.Release|x86.ActiveCfg = Release|Any CPU
		{C0000000-0000-0000-0000-000000000004}.Release|x86.Build.0 = Release|Any CPU
		{83A74BD0-1783-48FB-A078-CD170B7A9AD5}.Debug|Any CPU.ActiveCfg = Debug|Any CPU
		{83A74BD0-1783-48FB-A078-CD170B7A9AD5}.Debug|Any CPU.Build.0 = Debug|Any CPU
		{83A74BD0-1783-48FB-A078-CD170B7A9AD5}.Debug|x64.ActiveCfg = Debug|Any CPU
		{83A74BD0-1783-48FB-A078-CD170B7A9AD5}.Debug|x64.Build.0 = Debug|Any CPU
		{83A74BD0-1783-48FB-A078-CD170B7A9AD5}.Debug|x86.ActiveCfg = Debug|Any CPU
		{83A74BD0-1783-48FB-A078-CD170B7A9AD5}.Debug|x86.Build.0 = Debug|Any CPU
		{83A74BD0-1783-48FB-A078-CD170B7A9AD5}.Release|Any CPU.ActiveCfg = Release|Any CPU
		{83A74BD0-1783-48FB-A078-CD170B7A9AD5}.Release|Any CPU.Build.0 = Release|Any CPU
		{83A74BD0-1783-48FB-A078-CD170B7A9AD5}.Release|x64.ActiveCfg = Release|Any CPU
		{83A74BD0-1783-48FB-A078-CD170B7A9AD5}.Release|x64.Build.0 = Release|Any CPU
		{83A74BD0-1783-48FB-A078-CD170B7A9AD5}.Release|x86.ActiveCfg = Release|Any CPU
		{83A74BD0-1783-48FB-A078-CD170B7A9AD5}.Release|x86.Build.0 = Release|Any CPU
	EndGlobalSection
	GlobalSection(SolutionProperties) = preSolution
		HideSolutionNode = FALSE
	EndGlobalSection
	GlobalSection(NestedProjects) = preSolution
		{B0000000-0000-0000-0000-000000000001} = {A0000000-0000-0000-0000-00000000005C}
		{B0000000-0000-0000-0000-000000000002} = {A0000000-0000-0000-0000-00000000005C}
		{B0000000-0000-0000-0000-000000000003} = {A0000000-0000-0000-0000-00000000005C}
		{B0000000-0000-0000-0000-000000000004} = {A0000000-0000-0000-0000-00000000005C}
		{C0000000-0000-0000-0000-000000000001} = {A0000000-0000-0000-0000-000000000054}
		{C0000000-0000-0000-0000-000000000002} = {A0000000-0000-0000-0000-000000000054}
		{C0000000-0000-0000-0000-000000000003} = {A0000000-0000-0000-0000-000000000054}
		{C0000000-0000-0000-0000-000000000004} = {A0000000-0000-0000-0000-000000000054}
		{83A74BD0-1783-48FB-A078-CD170B7A9AD5} = {A0000000-0000-0000-0000-000000000054}
	EndGlobalSection
	GlobalSection(ExtensibilityGlobals) = postSolution
		SolutionGuid = {D0000000-0000-0000-0000-00000000A1BA}
	EndGlobalSection
EndGlobal
